// !$*UTF8*$!
{
	archiveVersion = 1;
	classes = {
	};
	objectVersion = 46;
	objects = {

/* Begin PBXBuildFile section */
		379C81351D2DD28B0023E657 /* AppDelegate.swift in Sources */ = {isa = PBXBuildFile; fileRef = 379C81341D2DD28B0023E657 /* AppDelegate.swift */; };
		379C81371D2DD28B0023E657 /* ViewController.swift in Sources */ = {isa = PBXBuildFile; fileRef = 379C81361D2DD28B0023E657 /* ViewController.swift */; };
		379C813A1D2DD28B0023E657 /* Main.storyboard in Resources */ = {isa = PBXBuildFile; fileRef = 379C81381D2DD28B0023E657 /* Main.storyboard */; };
		379C813C1D2DD28B0023E657 /* Assets.xcassets in Resources */ = {isa = PBXBuildFile; fileRef = 379C813B1D2DD28B0023E657 /* Assets.xcassets */; };
		379C813F1D2DD28B0023E657 /* LaunchScreen.storyboard in Resources */ = {isa = PBXBuildFile; fileRef = 379C813D1D2DD28B0023E657 /* LaunchScreen.storyboard */; };
/* End PBXBuildFile section */

/* Begin PBXFileReference section */
		379C81311D2DD28B0023E657 /* Guessing Game.app */ = {isa = PBXFileReference; explicitFileType = wrapper.application; includeInIndex = 0; path = "Guessing Game.app"; sourceTree = BUILT_PRODUCTS_DIR; };
		379C81341D2DD28B0023E657 /* AppDelegate.swift */ = {isa = PBXFileReference; lastKnownFileType = sourcecode.swift; path = AppDelegate.swift; sourceTree = "<group>"; };
		379C81361D2DD28B0023E657 /* ViewController.swift */ = {isa = PBXFileReference; lastKnownFileType = sourcecode.swift; path = ViewController.swift; sourceTree = "<group>"; };
		379C81391D2DD28B0023E657 /* Base */ = {isa = PBXFileReference; lastKnownFileType = file.storyboard; name = Base; path = Base.lproj/Main.storyboard; sourceTree = "<group>"; };
		379C813B1D2DD28B0023E657 /* Assets.xcassets */ = {isa = PBXFileReference; lastKnownFileType = folder.assetcatalog; path = Assets.xcassets; sourceTree = "<group>"; };
		379C813E1D2DD28B0023E657 /* Base */ = {isa = PBXFileReference; lastKnownFileType = file.storyboard; name = Base; path = Base.lproj/LaunchScreen.storyboard; sourceTree = "<group>"; };
		379C81401D2DD28B0023E657 /* Info.plist */ = {isa = PBXFileReference; lastKnownFileType = text.plist.xml; path = Info.plist; sourceTree = "<group>"; };
/* End PBXFileReference section */

/* Begin PBXFrameworksBuildPhase section */
		379C812E1D2DD28A0023E657 /* Frameworks */ = {
			isa = PBXFrameworksBuildPhase;
			buildActionMask = 2147483647;
			files = (
			);
			runOnlyForDeploymentPostprocessing = 0;
		};
/* End PBXFrameworksBuildPhase section */

/* Begin PBXGroup section */
		379C81281D2DD28A0023E657 = {
			isa = PBXGroup;
			children = (
				379C81331D2DD28B0023E657 /* Guessing Game */,
				379C81321D2DD28B0023E657 /* Products */,
			);
			sourceTree = "<group>";
		};
		379C81321D2DD28B0023E657 /* Products */ = {
			isa = PBXGroup;
			children = (
				379C81311D2DD28B0023E657 /* Guessing Game.app */,
			);
			name = Products;
			sourceTree = "<group>";
		};
		379C81331D2DD28B0023E657 /* Guessing Game */ = {
			isa = PBXGroup;
			children = (
				379C81341D2DD28B0023E657 /* AppDelegate.swift */,
				379C81361D2DD28B0023E657 /* ViewController.swift */,
				379C81381D2DD28B0023E657 /* Main.storyboard */,
				379C813B1D2DD28B0023E657 /* Assets.xcassets */,
				379C813D1D2DD28B0023E657 /* LaunchScreen.storyboard */,
				379C81401D2DD28B0023E657 /* Info.plist */,
			);
			path = "Guessing Game";
			sourceTree = "<group>";
		};
/* End PBXGroup section */

/* Begin PBXNativeTarget section */
		379C81301D2DD28A0023E657 /* Guessing Game */ = {
			isa = PBXNativeTarget;
			buildConfigurationList = 379C81431D2DD28B0023E657 /* Build configuration list for PBXNativeTarget "Guessing Game" */;
			buildPhases = (
				379C812D1D2DD28A0023E657 /* Sources */,
				379C812E1D2DD28A0023E657 /* Frameworks */,
				379C812F1D2DD28A0023E657 /* Resources */,
			);
			buildRules = (
			);
			dependencies = (
			);
			name = "Guessing Game";
			productName = "Guessing Game";
			productReference = 379C81311D2DD28B0023E657 /* Guessing Game.app */;
			productType = "com.apple.product-type.application";
		};
/* End PBXNativeTarget section */

/* Begin PBXProject section */
		379C81291D2DD28A0023E657 /* Project object */ = {
			isa = PBXProject;
			attributes = {
				LastSwiftUpdateCheck = 0730;
				LastUpgradeCheck = 0730;
				ORGANIZATIONNAME = "Ryan Lim";
				TargetAttributes = {
					379C81301D2DD28A0023E657 = {
						CreatedOnToolsVersion = 7.3.1;
						DevelopmentTeam = T36N8475ZJ;
					};
				};
			};
			buildConfigurationList = 379C812C1D2DD28A0023E657 /* Build configuration list for PBXProject "Guessing Game" */;
			compatibilityVersion = "Xcode 3.2";
			developmentRegion = English;
			hasScannedForEncodings = 0;
			knownRegions = (
				en,
				Base,
			);
			mainGroup = 379C81281D2DD28A0023E657;
			productRefGroup = 379C81321D2DD28B0023E657 /* Products */;
			projectDirPath = "";
			projectRoot = "";
			targets = (
				379C81301D2DD28A0023E657 /* Guessing Game */,
			);
		};
/* End PBXProject section */

/* Begin PBXResourcesBuildPhase section */
		379C812F1D2DD28A0023E657 /* Resources */ = {
			isa = PBXResourcesBuildPhase;
			buildActionMask = 2147483647;
			files = (
				379C813F1D2DD28B0023E657 /* LaunchScreen.storyboard in Resources */,
				379C813C1D2DD28B0023E657 /* Assets.xcassets in Resources */,
				379C813A1D2DD28B0023E657 /* Main.storyboard in Resources */,
			);
			runOnlyForDeploymentPostprocessing = 0;
		};
/* End PBXResourcesBuildPhase section */

/* Begin PBXSourcesBuildPhase section */
		379C812D1D2DD28A0023E657 /* Sources */ = {
			isa = PBXSourcesBuildPhase;
			buildActionMask = 2147483647;
			files = (
				379C81371D2DD28B0023E657 /* ViewController.swift in Sources */,
				379C81351D2DD28B0023E657 /* AppDelegate.swift in Sources */,
			);
			runOnlyForDeploymentPostprocessing = 0;
		};
/* End PBXSourcesBuildPhase section */

/* Begin PBXVariantGroup section */
		379C81381D2DD28B0023E657 /* Main.storyboard */ = {
			isa = PBXVariantGroup;
			children = (
				379C81391D2DD28B0023E657 /* Base */,
			);
			name = Main.storyboard;
			sourceTree = "<group>";
		};
		379C813D1D2DD28B0023E657 /* LaunchScreen.storyboard */ = {
			isa = PBXVariantGroup;
			children = (
				379C813E1D2DD28B0023E657 /* Base */,
			);
			name = LaunchScreen.storyboard;
			sourceTree = "<group>";
		};
/* End PBXVariantGroup section */

/* Begin XCBuildConfiguration section */
		379C81411D2DD28B0023E657 /* Debug */ = {
			isa = XCBuildConfiguration;
			buildSettings = {
				ALWAYS_SEARCH_USER_PATHS = NO;
				CLANG_ANALYZER_NONNULL = YES;
				CLANG_CXX_LANGUAGE_STANDARD = "gnu++0x";
				CLANG_CXX_LIBRARY = "libc++";
				CLANG_ENABLE_MODULES = YES;
				CLANG_ENABLE_OBJC_ARC = YES;
				CLANG_WARN_BOOL_CONVERSION = YES;
				CLANG_WARN_CONSTANT_CONVERSION = YES;
				CLANG_WARN_DIRECT_OBJC_ISA_USAGE = YES_ERROR;
				CLANG_WARN_EMPTY_BODY = YES;
				CLANG_WARN_ENUM_CONVERSION = YES;
				CLANG_WARN_INT_CONVERSION = YES;
				CLANG_WARN_OBJC_ROOT_CLASS = YES_ERROR;
				CLANG_WARN_UNREACHABLE_CODE = YES;
				CLANG_WARN__DUPLICATE_METHOD_MATCH = YES;
				"CODE_SIGN_IDENTITY[sdk=iphoneos*]" = "iPhone Developer";
				COPY_PHASE_STRIP = NO;
				DEBUG_INFORMATION_FORMAT = dwarf;
				ENABLE_STRICT_OBJC_MSGSEND = YES;
				ENABLE_TESTABILITY = YES;
				GCC_C_LANGUAGE_STANDARD = gnu99;
				GCC_DYNAMIC_NO_PIC = NO;
				GCC_NO_COMMON_BLOCKS = YES;
				GCC_OPTIMIZATION_LEVEL = 0;
				GCC_PREPROCESSOR_DEFINITIONS = (
					"DEBUG=1",
					"$(inherited)",
				);
				GCC_WARN_64_TO_32_BIT_CONVERSION = YES;
				GCC_WARN_ABOUT_RETURN_TYPE = YES_ERROR;
				GCC_WARN_UNDECLARED_SELECTOR = YES;
				GCC_WARN_UNINITIALIZED_AUTOS = YES_AGGRESSIVE;
				GCC_WARN_UNUSED_FUNCTION = YES;
				GCC_WARN_UNUSED_VARIABLE = YES;
				IPHONEOS_DEPLOYMENT_TARGET = 9.3;
				MTL_ENABLE_DEBUG_INFO = YES;
				ONLY_ACTIVE_ARCH = YES;
				SDKROOT = iphoneos;
				SWIFT_OPTIMIZATION_LEVEL = "-Onone";
			};
			name = Debug;
		};
		379C81421D2DD28B0023E657 /* Release */ = {
			isa = XCBuildConfiguration;
			buildSettings = {
				ALWAYS_SEARCH_USER_PATHS = NO;
				CLANG_ANALYZER_NONNULL = YES;
				CLANG_CXX_LANGUAGE_STANDARD = "gnu++0x";
				CLANG_CXX_LIBRARY = "libc++";
				CLANG_ENABLE_MODULES = YES;
				CLANG_ENABLE_OBJC_ARC = YES;
				CLANG_WARN_BOOL_CONVERSION = YES;
				CLANG_WARN_CONSTANT_CONVERSION = YES;
				CLANG_WARN_DIRECT_OBJC_ISA_USAGE = YES_ERROR;
				CLANG_WARN_EMPTY_BODY = YES;
				CLANG_WARN_ENUM_CONVERSION = YES;
				CLANG_WARN_INT_CONVERSION = YES;
				CLANG_WARN_OBJC_ROOT_CLASS = YES_ERROR;
				CLANG_WARN_UNREACHABLE_CODE = YES;
				CLANG_WARN__DUPLICATE_METHOD_MATCH = YES;
				"CODE_SIGN_IDENTITY[sdk=iphoneos*]" = "iPhone Developer";
				COPY_PHASE_STRIP = NO;
				DEBUG_INFORMATION_FORMAT = "dwarf-with-dsym";
				ENABLE_NS_ASSERTIONS = NO;
				ENABLE_STRICT_OBJC_MSGSEND = YES;
				GCC_C_LANGUAGE_STANDARD = gnu99;
				GCC_NO_COMMON_BLOCKS = YES;
				GCC_WARN_64_TO_32_BIT_CONVERSION = YES;
				GCC_WARN_ABOUT_RETURN_TYPE = YES_ERROR;
				GCC_WARN_UNDECLARED_SELECTOR = YES;
				GCC_WARN_UNINITIALIZED_AUTOS = YES_AGGRESSIVE;
				GCC_WARN_UNUSED_FUNCTION = YES;
				GCC_WARN_UNUSED_VARIABLE = YES;
				IPHONEOS_DEPLOYMENT_TARGET = 9.3;
				MTL_ENABLE_DEBUG_INFO = NO;
				SDKROOT = iphoneos;
				VALIDATE_PRODUCT = YES;
			};
			name = Release;
		};
		379C81441D2DD28B0023E657 /* Debug */ = {
			isa = XCBuildConfiguration;
			buildSettings = {
				ASSETCATALOG_COMPILER_APPICON_NAME = AppIcon;
				INFOPLIST_FILE = "Guessing Game/Info.plist";
				LD_RUNPATH_SEARCH_PATHS = "$(inherited) @executable_path/Frameworks";
				PRODUCT_BUNDLE_IDENTIFIER = "com.ryanlim.Guessing-Game";
				PRODUCT_NAME = "$(TARGET_NAME)";
			};
			name = Debug;
		};
		379C81451D2DD28B0023E657 /* Release */ = {
			isa = XCBuildConfiguration;
			buildSettings = {
				ASSETCATALOG_COMPILER_APPICON_NAME = AppIcon;
				INFOPLIST_FILE = "Guessing Game/Info.plist";
				LD_RUNPATH_SEARCH_PATHS = "$(inherited) @executable_path/Frameworks";
				PRODUCT_BUNDLE_IDENTIFIER = "com.ryanlim.Guessing-Game";
				PRODUCT_NAME = "$(TARGET_NAME)";
			};
			name = Release;
		};
/* End XCBuildConfiguration section */

/* Begin XCConfigurationList section */
		379C812C1D2DD28A0023E657 /* Build configuration list for PBXProject "Guessing Game" */ = {
			isa = XCConfigurationList;
			buildConfigurations = (
				379C81411D2DD28B0023E657 /* Debug */,
				379C81421D2DD28B0023E657 /* Release */,
			);
			defaultConfigurationIsVisible = 0;
			defaultConfigurationName = Release;
		};
		379C81431D2DD28B0023E657 /* Build configuration list for PBXNativeTarget "Guessing Game" */ = {
			isa = XCConfigurationList;
			buildConfigurations = (
				379C81441D2DD28B0023E657 /* Debug */,
				379C81451D2DD28B0023E657 /* Release */,
			);
			defaultConfigurationIsVisible = 0;
		};
/* End XCConfigurationList section */
	};
	rootObject = 379C81291D2DD28A0023E657 /* Project object */;
}
